
Microsoft Visual Studio Solution File, Format Version 12.00
# Visual Studio Version 16
VisualStudioVersion = 16.0.34407.143
MinimumVisualStudioVersion = 10.0.40219.1
Project("{8BC9CEB8-8B4A-11D0-8D11-00A0C91BC942}") = "_1강", "Project1.vcxproj", "{132527EA-D8AF-49E6-A281-CC460D227532}"
EndProject
Project("{8BC9CEB8-8B4A-11D0-8D11-00A0C91BC942}") = "2강", "..\2강\2강.vcxproj", "{9B007BC8-665E-4581-AC58-79D5B123D1A6}"
EndProject
Project("{8BC9CEB8-8B4A-11D0-8D11-00A0C91BC942}") = "Project2", "..\Project2\Project2.vcxproj", "{CA4BADAB-D396-4222-AF61-5F874ADCDE29}"
EndProject
Project("{8BC9CEB8-8B4A-11D0-8D11-00A0C91BC942}") = "Project3", "..\Project3\Project3.vcxproj", "{B8375D1E-E256-4174-A377-6557CDCBEA37}"
EndProject
Project("{8BC9CEB8-8B4A-11D0-8D11-00A0C91BC942}") = "Project4", "..\Project4\Project4.vcxproj", "{406DCB89-C8E2-4CE8-8607-9E9ED5007779}"
EndProject
Project("{8BC9CEB8-8B4A-11D0-8D11-00A0C91BC942}") = "Project5", "..\Project5\Project5.vcxproj", "{7DF4BC6D-493E-4A3F-8650-E6821ACDA584}"
EndProject
Project("{8BC9CEB8-8B4A-11D0-8D11-00A0C91BC942}") = "Project6", "..\Project6\Project6.vcxproj", "{D13331DC-2869-4C60-83C2-E3999584C1A1}"
EndProject
Project("{8BC9CEB8-8B4A-11D0-8D11-00A0C91BC942}") = "Project7", "..\Project7\Project7.vcxproj", "{FF6C982E-2E59-4072-9F08-A3D180B3E678}"
EndProject
Global
	GlobalSection(SolutionConfigurationPlatforms) = preSolution
		Debug|x64 = Debug|x64
		Debug|x86 = Debug|x86
		Release|x64 = Release|x64
		Release|x86 = Release|x86
	EndGlobalSection
	GlobalSection(ProjectConfigurationPlatforms) = postSolution
		{132527EA-D8AF-49E6-A281-CC460D227532}.Debug|x64.ActiveCfg = Debug|x64
		{132527EA-D8AF-49E6-A281-CC460D227532}.Debug|x64.Build.0 = Debug|x64
		{132527EA-D8AF-49E6-A281-CC460D227532}.Debug|x86.ActiveCfg = Debug|Win32
		{132527EA-D8AF-49E6-A281-CC460D227532}.Debug|x86.Build.0 = Debug|Win32
		{132527EA-D8AF-49E6-A281-CC460D227532}.Release|x64.ActiveCfg = Release|x64
		{132527EA-D8AF-49E6-A281-CC460D227532}.Release|x64.Build.0 = Release|x64
		{132527EA-D8AF-49E6-A281-CC460D227532}.Release|x86.ActiveCfg = Release|Win32
		{132527EA-D8AF-49E6-A281-CC460D227532}.Release|x86.Build.0 = Release|Win32
		{9B007BC8-665E-4581-AC58-79D5B123D1A6}.Debug|x64.ActiveCfg = Debug|x64
		{9B007BC8-665E-4581-AC58-79D5B123D1A6}.Debug|x64.Build.0 = Debug|x64
		{9B007BC8-665E-4581-AC58-79D5B123D1A6}.Debug|x86.ActiveCfg = Debug|Win32
		{9B007BC8-665E-4581-AC58-79D5B123D1A6}.Debug|x86.Build.0 = Debug|Win32
		{9B007BC8-665E-4581-AC58-79D5B123D1A6}.Release|x64.ActiveCfg = Release|x64
		{9B007BC8-665E-4581-AC58-79D5B123D1A6}.Release|x64.Build.0 = Release|x64
		{9B007BC8-665E-4581-AC58-79D5B123D1A6}.Release|x86.ActiveCfg = Release|Win32
		{9B007BC8-665E-4581-AC58-79D5B123D1A6}.Release|x86.Build.0 = Release|Win32
		{CA4BADAB-D396-4222-AF61-5F874ADCDE29}.Debug|x64.ActiveCfg = Debug|x64
		{CA4BADAB-D396-4222-AF61-5F874ADCDE29}.Debug|x64.Build.0 = Debug|x64
		{CA4BADAB-D396-4222-AF61-5F874ADCDE29}.Debug|x86.ActiveCfg = Debug|Win32
		{CA4BADAB-D396-4222-AF61-5F874ADCDE29}.Debug|x86.Build.0 = Debug|Win32
		{CA4BADAB-D396-4222-AF61-5F874ADCDE29}.Release|x64.ActiveCfg = Release|x64
		{CA4BADAB-D396-4222-AF61-5F874ADCDE29}.Release|x64.Build.0 = Release|x64
		{CA4BADAB-D396-4222-AF61-5F874ADCDE29}.Release|x86.ActiveCfg = Release|Win32
		{CA4BADAB-D396-4222-AF61-5F874ADCDE29}.Release|x86.Build.0 = Release|Win32
		{B8375D1E-E256-4174-A377-6557CDCBEA37}.Debug|x64.ActiveCfg = Debug|x64
		{B8375D1E-E256-4174-A377-6557CDCBEA37}.Debug|x64.Build.0 = Debug|x64
		{B8375D1E-E256-4174-A377-6557CDCBEA37}.Debug|x86.ActiveCfg = Debug|Win32
		{B8375D1E-E256-4174-A377-6557CDCBEA37}.Debug|x86.Build.0 = Debug|Win32
		{B8375D1E-E256-4174-A377-6557CDCBEA37}.Release|x64.ActiveCfg = Release|x64
		{B8375D1E-E256-4174-A377-6557CDCBEA37}.Release|x64.Build.0 = Release|x64
		{B8375D1E-E256-4174-A377-6557CDCBEA37}.Release|x86.ActiveCfg = Release|Win32
		{B8375D1E-E256-4174-A377-6557CDCBEA37}.Release|x86.Build.0 = Release|Win32
		{406DCB89-C8E2-4CE8-8607-9E9ED5007779}.Debug|x64.ActiveCfg = Debug|x64
		{406DCB89-C8E2-4CE8-8607-9E9ED5007779}.Debug|x64.Build.0 = Debug|x64
		{406DCB89-C8E2-4CE8-8607-9E9ED5007779}.Debug|x86.ActiveCfg = Debug|Win32
		{406DCB89-C8E2-4CE8-8607-9E9ED5007779}.Debug|x86.Build.0 = Debug|Win32
		{406DCB89-C8E2-4CE8-8607-9E9ED5007779}.Release|x64.ActiveCfg = Release|x64
		{406DCB89-C8E2-4CE8-8607-9E9ED5007779}.Release|x64.Build.0 = Release|x64
		{406DCB89-C8E2-4CE8-8607-9E9ED5007779}.Release|x86.ActiveCfg = Release|Win32
		{406DCB89-C8E2-4CE8-8607-9E9ED5007779}.Release|x86.Build.0 = Release|Win32
		{7DF4BC6D-493E-4A3F-8650-E6821ACDA584}.Debug|x64.ActiveCfg = Debug|x64
		{7DF4BC6D-493E-4A3F-8650-E6821ACDA584}.Debug|x64.Build.0 = Debug|x64
		{7DF4BC6D-493E-4A3F-8650-E6821ACDA584}.Debug|x86.ActiveCfg = Debug|Win32
		{7DF4BC6D-493E-4A3F-8650-E6821ACDA584}.Debug|x86.Build.0 = Debug|Win32
		{7DF4BC6D-493E-4A3F-8650-E6821ACDA584}.Release|x64.ActiveCfg = Release|x64
		{7DF4BC6D-493E-4A3F-8650-E6821ACDA584}.Release|x64.Build.0 = Release|x64
		{7DF4BC6D-493E-4A3F-8650-E6821ACDA584}.Release|x86.ActiveCfg = Release|Win32
		{7DF4BC6D-493E-4A3F-8650-E6821ACDA584}.Release|x86.Build.0 = Release|Win32
		{D13331DC-2869-4C60-83C2-E3999584C1A1}.Debug|x64.ActiveCfg = Debug|x64
		{D13331DC-2869-4C60-83C2-E3999584C1A1}.Debug|x64.Build.0 = Debug|x64
		{D13331DC-2869-4C60-83C2-E3999584C1A1}.Debug|x86.ActiveCfg = Debug|Win32
		{D13331DC-2869-4C60-83C2-E3999584C1A1}.Debug|x86.Build.0 = Debug|Win32
		{D13331DC-2869-4C60-83C2-E3999584C1A1}.Release|x64.ActiveCfg = Release|x64
		{D13331DC-2869-4C60-83C2-E3999584C1A1}.Release|x64.Build.0 = Release|x64
		{D13331DC-2869-4C60-83C2-E3999584C1A1}.Release|x86.ActiveCfg = Release|Win32
		{D13331DC-2869-4C60-83C2-E3999584C1A1}.Release|x86.Build.0 = Release|Win32
		{FF6C982E-2E59-4072-9F08-A3D180B3E678}.Debug|x64.ActiveCfg = Debug|x64
		{FF6C982E-2E59-4072-9F08-A3D180B3E678}.Debug|x64.Build.0 = Debug|x64
		{FF6C982E-2E59-4072-9F08-A3D180B3E678}.Debug|x86.ActiveCfg = Debug|Win32
		{FF6C982E-2E59-4072-9F08-A3D180B3E678}.Debug|x86.Build.0 = Debug|Win32
		{FF6C982E-2E59-4072-9F08-A3D180B3E678}.Release|x64.ActiveCfg = Release|x64
		{FF6C982E-2E59-4072-9F08-A3D180B3E678}.Release|x64.Build.0 = Release|x64
		{FF6C982E-2E59-4072-9F08-A3D180B3E678}.Release|x86.ActiveCfg = Release|Win32
		{FF6C982E-2E59-4072-9F08-A3D180B3E678}.Release|x86.Build.0 = Release|Win32
	EndGlobalSection
	GlobalSection(SolutionProperties) = preSolution
		HideSolutionNode = FALSE
	EndGlobalSection
	GlobalSection(ExtensibilityGlobals) = postSolution
		SolutionGuid = {4B007E04-0137-4972-9D65-B55FDC710817}
	EndGlobalSection
EndGlobal
